
Microsoft Visual Studio Solution File, Format Version 12.00
# Visual Studio 11
Project("{E24C65DC-7377-472B-9ABA-BC803B73C61A}") = "rubik", ".", "{1EDE066B-9316-4264-82D6-094FDE2F78B7}"
	ProjectSection(WebsiteProperties) = preProject
		Debug.AspNetCompiler.Debug = "True"
		Debug.AspNetCompiler.FixedNames = "false"
		Debug.AspNetCompiler.ForceOverwrite = "true"
		Debug.AspNetCompiler.PhysicalPath = "Z:\dev\WebGL\rubik\rubik\"
		Debug.AspNetCompiler.TargetPath = "PrecompiledWeb\rubik\"
		Debug.AspNetCompiler.Updateable = "true"
		Debug.AspNetCompiler.VirtualPath = "/rubik"
		Release.AspNetCompiler.Debug = "False"
		Release.AspNetCompiler.FixedNames = "false"
		Release.AspNetCompiler.ForceOverwrite = "true"
		Release.AspNetCompiler.PhysicalPath = "Z:\dev\WebGL\rubik\rubik\"
		Release.AspNetCompiler.TargetPath = "PrecompiledWeb\rubik\"
		Release.AspNetCompiler.Updateable = "true"
		Release.AspNetCompiler.VirtualPath = "/rubik"
		TargetFrameworkMoniker = ".NETFramework,Version%3Dv4.0"
		VWDPort = "50057"
	EndProjectSection
EndProject
Global
	GlobalSection(SolutionConfigurationPlatforms) = preSolution
		Debug|Any CPU = Debug|Any CPU
	EndGlobalSection
	GlobalSection(ProjectConfigurationPlatforms) = postSolution
		{1EDE066B-9316-4264-82D6-094FDE2F78B7}.Debug|Any CPU.ActiveCfg = Debug|Any CPU
		{1EDE066B-9316-4264-82D6-094FDE2F78B7}.Debug|Any CPU.Build.0 = Debug|Any CPU
	EndGlobalSection
	GlobalSection(SolutionProperties) = preSolution
		HideSolutionNode = FALSE
	EndGlobalSection
EndGlobal
